
Microsoft Visual Studio Solution File, Format Version 12.00
Project("{FAE04EC0-301F-11D3-BF4B-00C04F79EFBC}") = "CakeBuild", "EntityNametag\CakeBuild\CakeBuild.csproj", "{4BD9F98D-7547-4346-B80D-5C772353FA61}"
EndProject
Project("{FAE04EC0-301F-11D3-BF4B-00C04F79EFBC}") = "EntityNametag", "EntityNametag\EntityNametag\EntityNametag.csproj", "{A718DCBB-A282-4539-8913-AE7D628C24CE}"
EndProject
Global
	GlobalSection(SolutionConfigurationPlatforms) = preSolution
		Debug|Any CPU = Debug|Any CPU
		Release|Any CPU = Release|Any CPU
	EndGlobalSection
	GlobalSection(ProjectConfigurationPlatforms) = postSolution
		{4BD9F98D-7547-4346-B80D-5C772353FA61}.Debug|Any CPU.ActiveCfg = Debug|Any CPU
		{4BD9F98D-7547-4346-B80D-5C772353FA61}.Debug|Any CPU.Build.0 = Debug|Any CPU
		{4BD9F98D-7547-4346-B80D-5C772353FA61}.Release|Any CPU.ActiveCfg = Release|Any CPU
		{4BD9F98D-7547-4346-B80D-5C772353FA61}.Release|Any CPU.Build.0 = Release|Any CPU
		{A718DCBB-A282-4539-8913-AE7D628C24CE}.Debug|Any CPU.ActiveCfg = Debug|Any CPU
		{A718DCBB-A282-4539-8913-AE7D628C24CE}.Debug|Any CPU.Build.0 = Debug|Any CPU
		{A718DCBB-A282-4539-8913-AE7D628C24CE}.Release|Any CPU.ActiveCfg = Release|Any CPU
		{A718DCBB-A282-4539-8913-AE7D628C24CE}.Release|Any CPU.Build.0 = Release|Any CPU
	EndGlobalSection
EndGlobal
